
Microsoft Visual Studio Solution File, Format Version 12.00
# Visual Studio Version 17
VisualStudioVersion = 17.0.31710.8
MinimumVisualStudioVersion = 10.0.40219.1
Project("{9A19103F-16F7-4668-BE54-9A1E7A4F7556}") = "NewYearGift", "NewYearGift\NewYearGift.csproj", "{D5FFA903-AF43-41EE-842A-51E385A711A9}"
EndProject
Project("{2150E333-8FDC-42A3-9474-1A3956D46DE8}") = "Solution Items", "Solution Items", "{1B8913B8-5E74-40E3-9993-1B6AEFE7F9E5}"
EndProject
Global
	GlobalSection(SolutionConfigurationPlatforms) = preSolution
		Debug|Any CPU = Debug|Any CPU
		Release|Any CPU = Release|Any CPU
	EndGlobalSection
	GlobalSection(ProjectConfigurationPlatforms) = postSolution
		{D5FFA903-AF43-41EE-842A-51E385A711A9}.Debug|Any CPU.ActiveCfg = Debug|Any CPU
		{D5FFA903-AF43-41EE-842A-51E385A711A9}.Debug|Any CPU.Build.0 = Debug|Any CPU
		{D5FFA903-AF43-41EE-842A-51E385A711A9}.Release|Any CPU.ActiveCfg = Release|Any CPU
		{D5FFA903-AF43-41EE-842A-51E385A711A9}.Release|Any CPU.Build.0 = Release|Any CPU
	EndGlobalSection
	GlobalSection(SolutionProperties) = preSolution
		HideSolutionNode = FALSE
	EndGlobalSection
	GlobalSection(ExtensibilityGlobals) = postSolution
		SolutionGuid = {86A61DC4-4A08-48EE-9E3B-4D6DE39FB13C}
	EndGlobalSection
EndGlobal
